
Microsoft Visual Studio Solution File, Format Version 12.00
# Visual Studio 15
VisualStudioVersion = 15.0.27703.2047
MinimumVisualStudioVersion = 10.0.40219.1
Project("{FAE04EC0-301F-11D3-BF4B-00C04F79EFBC}") = "Homework", "Homework\Homework.csproj", "{647E52C3-42E0-4F2D-9CF8-F4B679FB739D}"
EndProject
Global
	GlobalSection(SolutionConfigurationPlatforms) = preSolution
		Debug|Any CPU = Debug|Any CPU
		Release|Any CPU = Release|Any CPU
	EndGlobalSection
	GlobalSection(ProjectConfigurationPlatforms) = postSolution
		{647E52C3-42E0-4F2D-9CF8-F4B679FB739D}.Debug|Any CPU.ActiveCfg = Debug|Any CPU
		{647E52C3-42E0-4F2D-9CF8-F4B679FB739D}.Debug|Any CPU.Build.0 = Debug|Any CPU
		{647E52C3-42E0-4F2D-9CF8-F4B679FB739D}.Release|Any CPU.ActiveCfg = Release|Any CPU
		{647E52C3-42E0-4F2D-9CF8-F4B679FB739D}.Release|Any CPU.Build.0 = Release|Any CPU
	EndGlobalSection
	GlobalSection(SolutionProperties) = preSolution
		HideSolutionNode = FALSE
	EndGlobalSection
	GlobalSection(ExtensibilityGlobals) = postSolution
		SolutionGuid = {E9F03E3B-EFDF-43EC-98A3-C1E7DBF3712A}
	EndGlobalSection
EndGlobal
